
Microsoft Visual Studio Solution File, Format Version 12.00
# Visual Studio Version 16
VisualStudioVersion = 16.0.31702.278
MinimumVisualStudioVersion = 10.0.40219.1
Project("{FAE04EC0-301F-11D3-BF4B-00C04F79EFBC}") = "DelegateAndCircle", "DelegateAndCircle\DelegateAndCircle.csproj", "{8FE1A140-56D3-4962-BBDE-AF20A9A78C61}"
EndProject
Project("{FAE04EC0-301F-11D3-BF4B-00C04F79EFBC}") = "DelegatePlusStaticClass", "DelegatePlusStaticClass\DelegatePlusStaticClass.csproj", "{2EFFEF44-30BD-4586-9E83-98910B4BE143}"
EndProject
Global
	GlobalSection(SolutionConfigurationPlatforms) = preSolution
		Debug|Any CPU = Debug|Any CPU
		Release|Any CPU = Release|Any CPU
	EndGlobalSection
	GlobalSection(ProjectConfigurationPlatforms) = postSolution
		{8FE1A140-56D3-4962-BBDE-AF20A9A78C61}.Debug|Any CPU.ActiveCfg = Debug|Any CPU
		{8FE1A140-56D3-4962-BBDE-AF20A9A78C61}.Debug|Any CPU.Build.0 = Debug|Any CPU
		{8FE1A140-56D3-4962-BBDE-AF20A9A78C61}.Release|Any CPU.ActiveCfg = Release|Any CPU
		{8FE1A140-56D3-4962-BBDE-AF20A9A78C61}.Release|Any CPU.Build.0 = Release|Any CPU
		{2EFFEF44-30BD-4586-9E83-98910B4BE143}.Debug|Any CPU.ActiveCfg = Debug|Any CPU
		{2EFFEF44-30BD-4586-9E83-98910B4BE143}.Debug|Any CPU.Build.0 = Debug|Any CPU
		{2EFFEF44-30BD-4586-9E83-98910B4BE143}.Release|Any CPU.ActiveCfg = Release|Any CPU
		{2EFFEF44-30BD-4586-9E83-98910B4BE143}.Release|Any CPU.Build.0 = Release|Any CPU
	EndGlobalSection
	GlobalSection(SolutionProperties) = preSolution
		HideSolutionNode = FALSE
	EndGlobalSection
	GlobalSection(ExtensibilityGlobals) = postSolution
		SolutionGuid = {6FBEE643-0628-4FF8-AD38-0B8EB2B88C7F}
	EndGlobalSection
EndGlobal
